{
  "name": "sextouu",
  "version": "1.0.1",
  "lockfileVersion": 2,
  "requires": true,
  "packages": {
    "": {
      "name": "sextouu",
      "version": "1.0.1",
      "license": "MIT",
      "dependencies": {
        "sextouu": "^1.0.1"
      }
    },
    "node_modules/sextouu": {
      "version": "1.0.1",
      "resolved": "https://registry.npmjs.org/sextouu/-/sextouu-1.0.1.tgz",
      "integrity": "sha512-l43fju8jqKh5+v+03ctF79ruD3Tshlm0CW52+Rh62JY3gChjcVAdorG1fRIX8bgrdtpIZhOGdjheiDW4R6gGLg=="
    }
  },
  "dependencies": {
    "sextouu": {
      "version": "1.0.1",
      "resolved": "https://registry.npmjs.org/sextouu/-/sextouu-1.0.1.tgz",
      "integrity": "sha512-l43fju8jqKh5+v+03ctF79ruD3Tshlm0CW52+Rh62JY3gChjcVAdorG1fRIX8bgrdtpIZhOGdjheiDW4R6gGLg=="
    }
  }
}
